// !$*UTF8*$!
{
	archiveVersion = 1;
	classes = {
	};
	objectVersion = 77;
	objects = {

/* Begin PBXBuildFile section */
		AA1063D52E48919C002DF2CD /* CareKit in Frameworks */ = {isa = PBXBuildFile; productRef = AA1063D42E48919C002DF2CD /* CareKit */; };
		AA1063D72E48919C002DF2CD /* CareKitFHIR in Frameworks */ = {isa = PBXBuildFile; productRef = AA1063D62E48919C002DF2CD /* CareKitFHIR */; };
		AA1063D92E48919C002DF2CD /* CareKitStore in Frameworks */ = {isa = PBXBuildFile; productRef = AA1063D82E48919C002DF2CD /* CareKitStore */; };
		AA1063DB2E48919C002DF2CD /* CareKitUI in Frameworks */ = {isa = PBXBuildFile; productRef = AA1063DA2E48919C002DF2CD /* CareKitUI */; };
/* End PBXBuildFile section */

/* Begin PBXContainerItemProxy section */
		AA1063B72E489114002DF2CD /* PBXContainerItemProxy */ = {
			isa = PBXContainerItemProxy;
			containerPortal = AA1063A12E489113002DF2CD /* Project object */;
			proxyType = 1;
			remoteGlobalIDString = AA1063A82E489113002DF2CD;
			remoteInfo = CareKit;
		};
		AA1063C12E489114002DF2CD /* PBXContainerItemProxy */ = {
			isa = PBXContainerItemProxy;
			containerPortal = AA1063A12E489113002DF2CD /* Project object */;
			proxyType = 1;
			remoteGlobalIDString = AA1063A82E489113002DF2CD;
			remoteInfo = CareKit;
		};
/* End PBXContainerItemProxy section */

/* Begin PBXFileReference section */
		AA1063A92E489113002DF2CD /* CareKit2.app */ = {isa = PBXFileReference; explicitFileType = wrapper.application; includeInIndex = 0; path = CareKit2.app; sourceTree = BUILT_PRODUCTS_DIR; };
		AA1063B62E489114002DF2CD /* CareKit2Tests.xctest */ = {isa = PBXFileReference; explicitFileType = wrapper.cfbundle; includeInIndex = 0; path = CareKit2Tests.xctest; sourceTree = BUILT_PRODUCTS_DIR; };
		AA1063C02E489114002DF2CD /* CareKit2UITests.xctest */ = {isa = PBXFileReference; explicitFileType = wrapper.cfbundle; includeInIndex = 0; path = CareKit2UITests.xctest; sourceTree = BUILT_PRODUCTS_DIR; };
/* End PBXFileReference section */

/* Begin PBXFileSystemSynchronizedRootGroup section */
		AA1063AB2E489113002DF2CD /* CareKit2 */ = {
			isa = PBXFileSystemSynchronizedRootGroup;
			path = CareKit2;
			sourceTree = "<group>";
		};
		AA1063B92E489114002DF2CD /* CareKitTests */ = {
			isa = PBXFileSystemSynchronizedRootGroup;
			path = CareKitTests;
			sourceTree = "<group>";
		};
		AA1063C32E489114002DF2CD /* CareKitUITests */ = {
			isa = PBXFileSystemSynchronizedRootGroup;
			path = CareKitUITests;
			sourceTree = "<group>";
		};
		AA1063E72E489DA5002DF2CD /* Managers */ = {
			isa = PBXFileSystemSynchronizedRootGroup;
			path = Managers;
			sourceTree = "<group>";
		};
/* End PBXFileSystemSynchronizedRootGroup section */

/* Begin PBXFrameworksBuildPhase section */
		AA1063A62E489113002DF2CD /* Frameworks */ = {
			isa = PBXFrameworksBuildPhase;
			buildActionMask = 2147483647;
			files = (
				AA1063D52E48919C002DF2CD /* CareKit in Frameworks */,
				AA1063D72E48919C002DF2CD /* CareKitFHIR in Frameworks */,
				AA1063DB2E48919C002DF2CD /* CareKitUI in Frameworks */,
				AA1063D92E48919C002DF2CD /* CareKitStore in Frameworks */,
			);
			runOnlyForDeploymentPostprocessing = 0;
		};
		AA1063B32E489114002DF2CD /* Frameworks */ = {
			isa = PBXFrameworksBuildPhase;
			buildActionMask = 2147483647;
			files = (
			);
			runOnlyForDeploymentPostprocessing = 0;
		};
		AA1063BD2E489114002DF2CD /* Frameworks */ = {
			isa = PBXFrameworksBuildPhase;
			buildActionMask = 2147483647;
			files = (
			);
			runOnlyForDeploymentPostprocessing = 0;
		};
/* End PBXFrameworksBuildPhase section */

/* Begin PBXGroup section */
		AA1063A02E489113002DF2CD = {
			isa = PBXGroup;
			children = (
				AA1063E72E489DA5002DF2CD /* Managers */,
				AA1063AB2E489113002DF2CD /* CareKit2 */,
				AA1063B92E489114002DF2CD /* CareKitTests */,
				AA1063C32E489114002DF2CD /* CareKitUITests */,
				AA1063AA2E489113002DF2CD /* Products */,
			);
			sourceTree = "<group>";
		};
		AA1063AA2E489113002DF2CD /* Products */ = {
			isa = PBXGroup;
			children = (
				AA1063A92E489113002DF2CD /* CareKit2.app */,
				AA1063B62E489114002DF2CD /* CareKit2Tests.xctest */,
				AA1063C02E489114002DF2CD /* CareKit2UITests.xctest */,
			);
			name = Products;
			sourceTree = "<group>";
		};
/* End PBXGroup section */

/* Begin PBXNativeTarget section */
		AA1063A82E489113002DF2CD /* CareKit2 */ = {
			isa = PBXNativeTarget;
			buildConfigurationList = AA1063CA2E489114002DF2CD /* Build configuration list for PBXNativeTarget "CareKit2" */;
			buildPhases = (
				AA1063A52E489113002DF2CD /* Sources */,
				AA1063A62E489113002DF2CD /* Frameworks */,
				AA1063A72E489113002DF2CD /* Resources */,
			);
			buildRules = (
			);
			dependencies = (
			);
			fileSystemSynchronizedGroups = (
				AA1063AB2E489113002DF2CD /* CareKit2 */,
				AA1063E72E489DA5002DF2CD /* Managers */,
			);
			name = CareKit2;
			packageProductDependencies = (
				AA1063D42E48919C002DF2CD /* CareKit */,
				AA1063D62E48919C002DF2CD /* CareKitFHIR */,
				AA1063D82E48919C002DF2CD /* CareKitStore */,
				AA1063DA2E48919C002DF2CD /* CareKitUI */,
			);
			productName = CareKit;
			productReference = AA1063A92E489113002DF2CD /* CareKit2.app */;
			productType = "com.apple.product-type.application";
		};
		AA1063B52E489114002DF2CD /* CareKit2Tests */ = {
			isa = PBXNativeTarget;
			buildConfigurationList = AA1063CD2E489114002DF2CD /* Build configuration list for PBXNativeTarget "CareKit2Tests" */;
			buildPhases = (
				AA1063B22E489114002DF2CD /* Sources */,
				AA1063B32E489114002DF2CD /* Frameworks */,
				AA1063B42E489114002DF2CD /* Resources */,
			);
			buildRules = (
			);
			dependencies = (
				AA1063B82E489114002DF2CD /* PBXTargetDependency */,
			);
			fileSystemSynchronizedGroups = (
				AA1063B92E489114002DF2CD /* CareKitTests */,
			);
			name = CareKit2Tests;
			packageProductDependencies = (
			);
			productName = CareKitTests;
			productReference = AA1063B62E489114002DF2CD /* CareKit2Tests.xctest */;
			productType = "com.apple.product-type.bundle.unit-test";
		};
		AA1063BF2E489114002DF2CD /* CareKit2UITests */ = {
			isa = PBXNativeTarget;
			buildConfigurationList = AA1063D02E489114002DF2CD /* Build configuration list for PBXNativeTarget "CareKit2UITests" */;
			buildPhases = (
				AA1063BC2E489114002DF2CD /* Sources */,
				AA1063BD2E489114002DF2CD /* Frameworks */,
				AA1063BE2E489114002DF2CD /* Resources */,
			);
			buildRules = (
			);
			dependencies = (
				AA1063C22E489114002DF2CD /* PBXTargetDependency */,
			);
			fileSystemSynchronizedGroups = (
				AA1063C32E489114002DF2CD /* CareKitUITests */,
			);
			name = CareKit2UITests;
			packageProductDependencies = (
			);
			productName = CareKitUITests;
			productReference = AA1063C02E489114002DF2CD /* CareKit2UITests.xctest */;
			productType = "com.apple.product-type.bundle.ui-testing";
		};
/* End PBXNativeTarget section */

/* Begin PBXProject section */
		AA1063A12E489113002DF2CD /* Project object */ = {
			isa = PBXProject;
			attributes = {
				BuildIndependentTargetsInParallel = 1;
				LastSwiftUpdateCheck = 1640;
				LastUpgradeCheck = 1640;
				TargetAttributes = {
					AA1063A82E489113002DF2CD = {
						CreatedOnToolsVersion = 16.4;
					};
					AA1063B52E489114002DF2CD = {
						CreatedOnToolsVersion = 16.4;
						TestTargetID = AA1063A82E489113002DF2CD;
					};
					AA1063BF2E489114002DF2CD = {
						CreatedOnToolsVersion = 16.4;
						TestTargetID = AA1063A82E489113002DF2CD;
					};
				};
			};
			buildConfigurationList = AA1063A42E489113002DF2CD /* Build configuration list for PBXProject "CareKit2" */;
			developmentRegion = en;
			hasScannedForEncodings = 0;
			knownRegions = (
				en,
				Base,
			);
			mainGroup = AA1063A02E489113002DF2CD;
			minimizedProjectReferenceProxies = 1;
			packageReferences = (
				AA1063D32E48919C002DF2CD /* XCRemoteSwiftPackageReference "CareKit" */,
			);
			preferredProjectObjectVersion = 77;
			productRefGroup = AA1063AA2E489113002DF2CD /* Products */;
			projectDirPath = "";
			projectRoot = "";
			targets = (
				AA1063A82E489113002DF2CD /* CareKit2 */,
				AA1063B52E489114002DF2CD /* CareKit2Tests */,
				AA1063BF2E489114002DF2CD /* CareKit2UITests */,
			);
		};
/* End PBXProject section */

/* Begin PBXResourcesBuildPhase section */
		AA1063A72E489113002DF2CD /* Resources */ = {
			isa = PBXResourcesBuildPhase;
			buildActionMask = 2147483647;
			files = (
			);
			runOnlyForDeploymentPostprocessing = 0;
		};
		AA1063B42E489114002DF2CD /* Resources */ = {
			isa = PBXResourcesBuildPhase;
			buildActionMask = 2147483647;
			files = (
			);
			runOnlyForDeploymentPostprocessing = 0;
		};
		AA1063BE2E489114002DF2CD /* Resources */ = {
			isa = PBXResourcesBuildPhase;
			buildActionMask = 2147483647;
			files = (
			);
			runOnlyForDeploymentPostprocessing = 0;
		};
/* End PBXResourcesBuildPhase section */

/* Begin PBXSourcesBuildPhase section */
		AA1063A52E489113002DF2CD /* Sources */ = {
			isa = PBXSourcesBuildPhase;
			buildActionMask = 2147483647;
			files = (
			);
			runOnlyForDeploymentPostprocessing = 0;
		};
		AA1063B22E489114002DF2CD /* Sources */ = {
			isa = PBXSourcesBuildPhase;
			buildActionMask = 2147483647;
			files = (
			);
			runOnlyForDeploymentPostprocessing = 0;
		};
		AA1063BC2E489114002DF2CD /* Sources */ = {
			isa = PBXSourcesBuildPhase;
			buildActionMask = 2147483647;
			files = (
			);
			runOnlyForDeploymentPostprocessing = 0;
		};
/* End PBXSourcesBuildPhase section */

/* Begin PBXTargetDependency section */
		AA1063B82E489114002DF2CD /* PBXTargetDependency */ = {
			isa = PBXTargetDependency;
			target = AA1063A82E489113002DF2CD /* CareKit2 */;
			targetProxy = AA1063B72E489114002DF2CD /* PBXContainerItemProxy */;
		};
		AA1063C22E489114002DF2CD /* PBXTargetDependency */ = {
			isa = PBXTargetDependency;
			target = AA1063A82E489113002DF2CD /* CareKit2 */;
			targetProxy = AA1063C12E489114002DF2CD /* PBXContainerItemProxy */;
		};
/* End PBXTargetDependency section */

/* Begin XCBuildConfiguration section */
		AA1063C82E489114002DF2CD /* Debug */ = {
			isa = XCBuildConfiguration;
			buildSettings = {
				ALWAYS_SEARCH_USER_PATHS = NO;
				ASSETCATALOG_COMPILER_GENERATE_SWIFT_ASSET_SYMBOL_EXTENSIONS = YES;
				CLANG_ANALYZER_NONNULL = YES;
				CLANG_ANALYZER_NUMBER_OBJECT_CONVERSION = YES_AGGRESSIVE;
				CLANG_CXX_LANGUAGE_STANDARD = "gnu++20";
				CLANG_ENABLE_MODULES = YES;
				CLANG_ENABLE_OBJC_ARC = YES;
				CLANG_ENABLE_OBJC_WEAK = YES;
				CLANG_WARN_BLOCK_CAPTURE_AUTORELEASING = YES;
				CLANG_WARN_BOOL_CONVERSION = YES;
				CLANG_WARN_COMMA = YES;
				CLANG_WARN_CONSTANT_CONVERSION = YES;
				CLANG_WARN_DEPRECATED_OBJC_IMPLEMENTATIONS = YES;
				CLANG_WARN_DIRECT_OBJC_ISA_USAGE = YES_ERROR;
				CLANG_WARN_DOCUMENTATION_COMMENTS = YES;
				CLANG_WARN_EMPTY_BODY = YES;
				CLANG_WARN_ENUM_CONVERSION = YES;
				CLANG_WARN_INFINITE_RECURSION = YES;
				CLANG_WARN_INT_CONVERSION = YES;
				CLANG_WARN_NON_LITERAL_NULL_CONVERSION = YES;
				CLANG_WARN_OBJC_IMPLICIT_RETAIN_SELF = YES;
				CLANG_WARN_OBJC_LITERAL_CONVERSION = YES;
				CLANG_WARN_OBJC_ROOT_CLASS = YES_ERROR;
				CLANG_WARN_QUOTED_INCLUDE_IN_FRAMEWORK_HEADER = YES;
				CLANG_WARN_RANGE_LOOP_ANALYSIS = YES;
				CLANG_WARN_STRICT_PROTOTYPES = YES;
				CLANG_WARN_SUSPICIOUS_MOVE = YES;
				CLANG_WARN_UNGUARDED_AVAILABILITY = YES_AGGRESSIVE;
				CLANG_WARN_UNREACHABLE_CODE = YES;
				CLANG_WARN__DUPLICATE_METHOD_MATCH = YES;
				CODE_SIGN_ENTITLEMENTS = CareKit2/CareKit2.entitlements;
				COPY_PHASE_STRIP = NO;
				DEBUG_INFORMATION_FORMAT = dwarf;
				DEVELOPMENT_TEAM = N9BWKB65C5;
				ENABLE_STRICT_OBJC_MSGSEND = YES;
				ENABLE_TESTABILITY = YES;
				ENABLE_USER_SCRIPT_SANDBOXING = YES;
				GCC_C_LANGUAGE_STANDARD = gnu17;
				GCC_DYNAMIC_NO_PIC = NO;
				GCC_NO_COMMON_BLOCKS = YES;
				GCC_OPTIMIZATION_LEVEL = 0;
				GCC_PREPROCESSOR_DEFINITIONS = (
					"DEBUG=1",
					"$(inherited)",
				);
				GCC_WARN_64_TO_32_BIT_CONVERSION = YES;
				GCC_WARN_ABOUT_RETURN_TYPE = YES_ERROR;
				GCC_WARN_UNDECLARED_SELECTOR = YES;
				GCC_WARN_UNINITIALIZED_AUTOS = YES_AGGRESSIVE;
				GCC_WARN_UNUSED_FUNCTION = YES;
				GCC_WARN_UNUSED_VARIABLE = YES;
				INFOPLIST_KEY_NSHealthClinicalHealthRecordsShareUsageDescription = "'건강'앱 권한 요청을 드립니다.";
				INFOPLIST_KEY_NSHealthShareUsageDescription = "'건강'앱 권한 요청을 드립니다.";
				INFOPLIST_KEY_NSHealthUpdateUsageDescription = "'건강'앱 권한 요청을 드립니다.";
				IPHONEOS_DEPLOYMENT_TARGET = 18.5;
				LOCALIZATION_PREFERS_STRING_CATALOGS = YES;
				MTL_ENABLE_DEBUG_INFO = INCLUDE_SOURCE;
				MTL_FAST_MATH = YES;
				ONLY_ACTIVE_ARCH = YES;
				SDKROOT = iphoneos;
				SWIFT_ACTIVE_COMPILATION_CONDITIONS = "DEBUG $(inherited)";
				SWIFT_OPTIMIZATION_LEVEL = "-Onone";
			};
			name = Debug;
		};
		AA1063C92E489114002DF2CD /* Release */ = {
			isa = XCBuildConfiguration;
			buildSettings = {
				ALWAYS_SEARCH_USER_PATHS = NO;
				ASSETCATALOG_COMPILER_GENERATE_SWIFT_ASSET_SYMBOL_EXTENSIONS = YES;
				CLANG_ANALYZER_NONNULL = YES;
				CLANG_ANALYZER_NUMBER_OBJECT_CONVERSION = YES_AGGRESSIVE;
				CLANG_CXX_LANGUAGE_STANDARD = "gnu++20";
				CLANG_ENABLE_MODULES = YES;
				CLANG_ENABLE_OBJC_ARC = YES;
				CLANG_ENABLE_OBJC_WEAK = YES;
				CLANG_WARN_BLOCK_CAPTURE_AUTORELEASING = YES;
				CLANG_WARN_BOOL_CONVERSION = YES;
				CLANG_WARN_COMMA = YES;
				CLANG_WARN_CONSTANT_CONVERSION = YES;
				CLANG_WARN_DEPRECATED_OBJC_IMPLEMENTATIONS = YES;
				CLANG_WARN_DIRECT_OBJC_ISA_USAGE = YES_ERROR;
				CLANG_WARN_DOCUMENTATION_COMMENTS = YES;
				CLANG_WARN_EMPTY_BODY = YES;
				CLANG_WARN_ENUM_CONVERSION = YES;
				CLANG_WARN_INFINITE_RECURSION = YES;
				CLANG_WARN_INT_CONVERSION = YES;
				CLANG_WARN_NON_LITERAL_NULL_CONVERSION = YES;
				CLANG_WARN_OBJC_IMPLICIT_RETAIN_SELF = YES;
				CLANG_WARN_OBJC_LITERAL_CONVERSION = YES;
				CLANG_WARN_OBJC_ROOT_CLASS = YES_ERROR;
				CLANG_WARN_QUOTED_INCLUDE_IN_FRAMEWORK_HEADER = YES;
				CLANG_WARN_RANGE_LOOP_ANALYSIS = YES;
				CLANG_WARN_STRICT_PROTOTYPES = YES;
				CLANG_WARN_SUSPICIOUS_MOVE = YES;
				CLANG_WARN_UNGUARDED_AVAILABILITY = YES_AGGRESSIVE;
				CLANG_WARN_UNREACHABLE_CODE = YES;
				CLANG_WARN__DUPLICATE_METHOD_MATCH = YES;
				CODE_SIGN_ENTITLEMENTS = CareKit2/CareKit2.entitlements;
				COPY_PHASE_STRIP = NO;
				DEBUG_INFORMATION_FORMAT = "dwarf-with-dsym";
				DEVELOPMENT_TEAM = N9BWKB65C5;
				ENABLE_NS_ASSERTIONS = NO;
				ENABLE_STRICT_OBJC_MSGSEND = YES;
				ENABLE_USER_SCRIPT_SANDBOXING = YES;
				GCC_C_LANGUAGE_STANDARD = gnu17;
				GCC_NO_COMMON_BLOCKS = YES;
				GCC_WARN_64_TO_32_BIT_CONVERSION = YES;
				GCC_WARN_ABOUT_RETURN_TYPE = YES_ERROR;
				GCC_WARN_UNDECLARED_SELECTOR = YES;
				GCC_WARN_UNINITIALIZED_AUTOS = YES_AGGRESSIVE;
				GCC_WARN_UNUSED_FUNCTION = YES;
				GCC_WARN_UNUSED_VARIABLE = YES;
				INFOPLIST_KEY_NSHealthClinicalHealthRecordsShareUsageDescription = "'건강'앱 권한 요청을 드립니다.";
				INFOPLIST_KEY_NSHealthShareUsageDescription = "'건강'앱 권한 요청을 드립니다.";
				INFOPLIST_KEY_NSHealthUpdateUsageDescription = "'건강'앱 권한 요청을 드립니다.";
				IPHONEOS_DEPLOYMENT_TARGET = 18.5;
				LOCALIZATION_PREFERS_STRING_CATALOGS = YES;
				MTL_ENABLE_DEBUG_INFO = NO;
				MTL_FAST_MATH = YES;
				SDKROOT = iphoneos;
				SWIFT_COMPILATION_MODE = wholemodule;
				VALIDATE_PRODUCT = YES;
			};
			name = Release;
		};
		AA1063CB2E489114002DF2CD /* Debug */ = {
			isa = XCBuildConfiguration;
			buildSettings = {
				ASSETCATALOG_COMPILER_APPICON_NAME = AppIcon;
				ASSETCATALOG_COMPILER_GLOBAL_ACCENT_COLOR_NAME = AccentColor;
				CODE_SIGN_STYLE = Automatic;
				CURRENT_PROJECT_VERSION = 1;
				DEVELOPMENT_TEAM = N9BWKB65C5;
				ENABLE_PREVIEWS = YES;
				GENERATE_INFOPLIST_FILE = YES;
				INFOPLIST_KEY_NSHealthClinicalHealthRecordsShareUsageDescription = "'건강'앱 권한 요청을 드립니다.";
				INFOPLIST_KEY_NSHealthShareUsageDescription = "'건강'앱 권한 요청을 드립니다.";
				INFOPLIST_KEY_NSHealthUpdateUsageDescription = "'건강'앱 권한 요청을 드립니다.";
				INFOPLIST_KEY_UIApplicationSceneManifest_Generation = YES;
				INFOPLIST_KEY_UIApplicationSupportsIndirectInputEvents = YES;
				INFOPLIST_KEY_UILaunchScreen_Generation = YES;
				INFOPLIST_KEY_UISupportedInterfaceOrientations_iPad = "UIInterfaceOrientationPortrait UIInterfaceOrientationPortraitUpsideDown UIInterfaceOrientationLandscapeLeft UIInterfaceOrientationLandscapeRight";
				INFOPLIST_KEY_UISupportedInterfaceOrientations_iPhone = "UIInterfaceOrientationPortrait UIInterfaceOrientationLandscapeLeft UIInterfaceOrientationLandscapeRight";
				LD_RUNPATH_SEARCH_PATHS = (
					"$(inherited)",
					"@executable_path/Frameworks",
				);
				MARKETING_VERSION = 1.0;
				PRODUCT_BUNDLE_IDENTIFIER = codingchef.CareKit;
				PRODUCT_NAME = "$(TARGET_NAME)";
				SWIFT_EMIT_LOC_STRINGS = YES;
				SWIFT_VERSION = 5.0;
				TARGETED_DEVICE_FAMILY = "1,2";
			};
			name = Debug;
		};
		AA1063CC2E489114002DF2CD /* Release */ = {
			isa = XCBuildConfiguration;
			buildSettings = {
				ASSETCATALOG_COMPILER_APPICON_NAME = AppIcon;
				ASSETCATALOG_COMPILER_GLOBAL_ACCENT_COLOR_NAME = AccentColor;
				CODE_SIGN_STYLE = Automatic;
				CURRENT_PROJECT_VERSION = 1;
				DEVELOPMENT_TEAM = N9BWKB65C5;
				ENABLE_PREVIEWS = YES;
				GENERATE_INFOPLIST_FILE = YES;
				INFOPLIST_KEY_NSHealthClinicalHealthRecordsShareUsageDescription = "'건강'앱 권한 요청을 드립니다.";
				INFOPLIST_KEY_NSHealthShareUsageDescription = "'건강'앱 권한 요청을 드립니다.";
				INFOPLIST_KEY_NSHealthUpdateUsageDescription = "'건강'앱 권한 요청을 드립니다.";
				INFOPLIST_KEY_UIApplicationSceneManifest_Generation = YES;
				INFOPLIST_KEY_UIApplicationSupportsIndirectInputEvents = YES;
				INFOPLIST_KEY_UILaunchScreen_Generation = YES;
				INFOPLIST_KEY_UISupportedInterfaceOrientations_iPad = "UIInterfaceOrientationPortrait UIInterfaceOrientationPortraitUpsideDown UIInterfaceOrientationLandscapeLeft UIInterfaceOrientationLandscapeRight";
				INFOPLIST_KEY_UISupportedInterfaceOrientations_iPhone = "UIInterfaceOrientationPortrait UIInterfaceOrientationLandscapeLeft UIInterfaceOrientationLandscapeRight";
				LD_RUNPATH_SEARCH_PATHS = (
					"$(inherited)",
					"@executable_path/Frameworks",
				);
				MARKETING_VERSION = 1.0;
				PRODUCT_BUNDLE_IDENTIFIER = codingchef.CareKit;
				PRODUCT_NAME = "$(TARGET_NAME)";
				SWIFT_EMIT_LOC_STRINGS = YES;
				SWIFT_VERSION = 5.0;
				TARGETED_DEVICE_FAMILY = "1,2";
			};
			name = Release;
		};
		AA1063CE2E489114002DF2CD /* Debug */ = {
			isa = XCBuildConfiguration;
			buildSettings = {
				BUNDLE_LOADER = "$(TEST_HOST)";
				CODE_SIGN_STYLE = Automatic;
				CURRENT_PROJECT_VERSION = 1;
				DEVELOPMENT_TEAM = N9BWKB65C5;
				GENERATE_INFOPLIST_FILE = YES;
				IPHONEOS_DEPLOYMENT_TARGET = 18.5;
				MARKETING_VERSION = 1.0;
				PRODUCT_BUNDLE_IDENTIFIER = codingchef.CareKitTests;
				PRODUCT_NAME = "$(TARGET_NAME)";
				SWIFT_EMIT_LOC_STRINGS = NO;
				SWIFT_VERSION = 5.0;
				TARGETED_DEVICE_FAMILY = "1,2";
				TEST_HOST = "$(BUILT_PRODUCTS_DIR)/CareKit2.app/$(BUNDLE_EXECUTABLE_FOLDER_PATH)/CareKit2";
			};
			name = Debug;
		};
		AA1063CF2E489114002DF2CD /* Release */ = {
			isa = XCBuildConfiguration;
			buildSettings = {
				BUNDLE_LOADER = "$(TEST_HOST)";
				CODE_SIGN_STYLE = Automatic;
				CURRENT_PROJECT_VERSION = 1;
				DEVELOPMENT_TEAM = N9BWKB65C5;
				GENERATE_INFOPLIST_FILE = YES;
				IPHONEOS_DEPLOYMENT_TARGET = 18.5;
				MARKETING_VERSION = 1.0;
				PRODUCT_BUNDLE_IDENTIFIER = codingchef.CareKitTests;
				PRODUCT_NAME = "$(TARGET_NAME)";
				SWIFT_EMIT_LOC_STRINGS = NO;
				SWIFT_VERSION = 5.0;
				TARGETED_DEVICE_FAMILY = "1,2";
				TEST_HOST = "$(BUILT_PRODUCTS_DIR)/CareKit2.app/$(BUNDLE_EXECUTABLE_FOLDER_PATH)/CareKit2";
			};
			name = Release;
		};
		AA1063D12E489114002DF2CD /* Debug */ = {
			isa = XCBuildConfiguration;
			buildSettings = {
				CODE_SIGN_STYLE = Automatic;
				CURRENT_PROJECT_VERSION = 1;
				DEVELOPMENT_TEAM = N9BWKB65C5;
				GENERATE_INFOPLIST_FILE = YES;
				MARKETING_VERSION = 1.0;
				PRODUCT_BUNDLE_IDENTIFIER = codingchef.CareKitUITests;
				PRODUCT_NAME = "$(TARGET_NAME)";
				SWIFT_EMIT_LOC_STRINGS = NO;
				SWIFT_VERSION = 5.0;
				TARGETED_DEVICE_FAMILY = "1,2";
				TEST_TARGET_NAME = CareKit;
			};
			name = Debug;
		};
		AA1063D22E489114002DF2CD /* Release */ = {
			isa = XCBuildConfiguration;
			buildSettings = {
				CODE_SIGN_STYLE = Automatic;
				CURRENT_PROJECT_VERSION = 1;
				DEVELOPMENT_TEAM = N9BWKB65C5;
				GENERATE_INFOPLIST_FILE = YES;
				MARKETING_VERSION = 1.0;
				PRODUCT_BUNDLE_IDENTIFIER = codingchef.CareKitUITests;
				PRODUCT_NAME = "$(TARGET_NAME)";
				SWIFT_EMIT_LOC_STRINGS = NO;
				SWIFT_VERSION = 5.0;
				TARGETED_DEVICE_FAMILY = "1,2";
				TEST_TARGET_NAME = CareKit;
			};
			name = Release;
		};
/* End XCBuildConfiguration section */

/* Begin XCConfigurationList section */
		AA1063A42E489113002DF2CD /* Build configuration list for PBXProject "CareKit2" */ = {
			isa = XCConfigurationList;
			buildConfigurations = (
				AA1063C82E489114002DF2CD /* Debug */,
				AA1063C92E489114002DF2CD /* Release */,
			);
			defaultConfigurationIsVisible = 0;
			defaultConfigurationName = Release;
		};
		AA1063CA2E489114002DF2CD /* Build configuration list for PBXNativeTarget "CareKit2" */ = {
			isa = XCConfigurationList;
			buildConfigurations = (
				AA1063CB2E489114002DF2CD /* Debug */,
				AA1063CC2E489114002DF2CD /* Release */,
			);
			defaultConfigurationIsVisible = 0;
			defaultConfigurationName = Release;
		};
		AA1063CD2E489114002DF2CD /* Build configuration list for PBXNativeTarget "CareKit2Tests" */ = {
			isa = XCConfigurationList;
			buildConfigurations = (
				AA1063CE2E489114002DF2CD /* Debug */,
				AA1063CF2E489114002DF2CD /* Release */,
			);
			defaultConfigurationIsVisible = 0;
			defaultConfigurationName = Release;
		};
		AA1063D02E489114002DF2CD /* Build configuration list for PBXNativeTarget "CareKit2UITests" */ = {
			isa = XCConfigurationList;
			buildConfigurations = (
				AA1063D12E489114002DF2CD /* Debug */,
				AA1063D22E489114002DF2CD /* Release */,
			);
			defaultConfigurationIsVisible = 0;
			defaultConfigurationName = Release;
		};
/* End XCConfigurationList section */

/* Begin XCRemoteSwiftPackageReference section */
		AA1063D32E48919C002DF2CD /* XCRemoteSwiftPackageReference "CareKit" */ = {
			isa = XCRemoteSwiftPackageReference;
			repositoryURL = "https://github.com/carekit-apple/CareKit.git";
			requirement = {
				kind = upToNextMajorVersion;
				minimumVersion = 3.1.7;
			};
		};
/* End XCRemoteSwiftPackageReference section */

/* Begin XCSwiftPackageProductDependency section */
		AA1063D42E48919C002DF2CD /* CareKit */ = {
			isa = XCSwiftPackageProductDependency;
			package = AA1063D32E48919C002DF2CD /* XCRemoteSwiftPackageReference "CareKit" */;
			productName = CareKit;
		};
		AA1063D62E48919C002DF2CD /* CareKitFHIR */ = {
			isa = XCSwiftPackageProductDependency;
			package = AA1063D32E48919C002DF2CD /* XCRemoteSwiftPackageReference "CareKit" */;
			productName = CareKitFHIR;
		};
		AA1063D82E48919C002DF2CD /* CareKitStore */ = {
			isa = XCSwiftPackageProductDependency;
			package = AA1063D32E48919C002DF2CD /* XCRemoteSwiftPackageReference "CareKit" */;
			productName = CareKitStore;
		};
		AA1063DA2E48919C002DF2CD /* CareKitUI */ = {
			isa = XCSwiftPackageProductDependency;
			package = AA1063D32E48919C002DF2CD /* XCRemoteSwiftPackageReference "CareKit" */;
			productName = CareKitUI;
		};
/* End XCSwiftPackageProductDependency section */
	};
	rootObject = AA1063A12E489113002DF2CD /* Project object */;
}
